
Microsoft Visual Studio Solution File, Format Version 12.00
# Visual Studio Version 17
VisualStudioVersion = 17.14.36429.23 d17.14
MinimumVisualStudioVersion = 10.0.40219.1
Project("{FAE04EC0-301F-11D3-BF4B-00C04F79EFBC}") = "Racing", "Racing\Racing.csproj", "{1729397E-7EB4-4BD4-8A1D-CD3421649F30}"
EndProject
Project("{FAE04EC0-301F-11D3-BF4B-00C04F79EFBC}") = "RacingTests", "RacingTests\RacingTests.csproj", "{E159886E-AF94-43C7-ACA4-64E66A44D5AA}"
EndProject
Global
	GlobalSection(SolutionConfigurationPlatforms) = preSolution
		Debug|Any CPU = Debug|Any CPU
		Release|Any CPU = Release|Any CPU
	EndGlobalSection
	GlobalSection(ProjectConfigurationPlatforms) = postSolution
		{1729397E-7EB4-4BD4-8A1D-CD3421649F30}.Debug|Any CPU.ActiveCfg = Debug|Any CPU
		{1729397E-7EB4-4BD4-8A1D-CD3421649F30}.Debug|Any CPU.Build.0 = Debug|Any CPU
		{1729397E-7EB4-4BD4-8A1D-CD3421649F30}.Release|Any CPU.ActiveCfg = Release|Any CPU
		{1729397E-7EB4-4BD4-8A1D-CD3421649F30}.Release|Any CPU.Build.0 = Release|Any CPU
		{E159886E-AF94-43C7-ACA4-64E66A44D5AA}.Debug|Any CPU.ActiveCfg = Debug|Any CPU
		{E159886E-AF94-43C7-ACA4-64E66A44D5AA}.Debug|Any CPU.Build.0 = Debug|Any CPU
		{E159886E-AF94-43C7-ACA4-64E66A44D5AA}.Release|Any CPU.ActiveCfg = Release|Any CPU
		{E159886E-AF94-43C7-ACA4-64E66A44D5AA}.Release|Any CPU.Build.0 = Release|Any CPU
	EndGlobalSection
	GlobalSection(SolutionProperties) = preSolution
		HideSolutionNode = FALSE
	EndGlobalSection
	GlobalSection(ExtensibilityGlobals) = postSolution
		SolutionGuid = {ABFB54B1-95FB-4B7C-A878-5B0E9BCDE3FA}
	EndGlobalSection
EndGlobal
